
Microsoft Visual Studio Solution File, Format Version 12.00
# Visual Studio 15
VisualStudioVersion = 15.0.26403.0
MinimumVisualStudioVersion = 10.0.40219.1
Project("{FAE04EC0-301F-11D3-BF4B-00C04F79EFBC}") = "Q42.HueApi.WinRT", "Q42.HueApi.WinRT\Q42.HueApi.WinRT.csproj", "{0A49146A-6CF7-4074-827E-BE32E24B0445}"
EndProject
Project("{FAE04EC0-301F-11D3-BF4B-00C04F79EFBC}") = "Q42.HueApi.NET", "Q42.HueApi.NET\Q42.HueApi.NET.csproj", "{BBB3D8F5-5E2E-4366-81CC-D37BEBE10891}"
EndProject
Project("{FAE04EC0-301F-11D3-BF4B-00C04F79EFBC}") = "Q42.HueApi.NET.Tests", "Q42.HueApi.NET.Tests\Q42.HueApi.NET.Tests.csproj", "{2114B768-86CF-4687-BCFD-2B7916C85CD9}"
EndProject
Project("{FAE04EC0-301F-11D3-BF4B-00C04F79EFBC}") = "Q42.HueApi.Tests", "Q42.HueApi.Tests\Q42.HueApi.Tests.csproj", "{0B96BC44-0006-46C2-BA96-CD63C123FD49}"
EndProject
Project("{FAE04EC0-301F-11D3-BF4B-00C04F79EFBC}") = "Q42.HueApi.ColorConverters.Tests", "Q42.HueApi.ColorConverters.Tests\Q42.HueApi.ColorConverters.Tests.csproj", "{64A5861F-4D4E-4127-B70F-F80CC9D49CFD}"
EndProject
Project("{9A19103F-16F7-4668-BE54-9A1E7A4F7556}") = "Q42.HueApi", "Q42.HueApi\Q42.HueApi.csproj", "{6BE87311-0ABB-4CDE-93AD-F8A3309A31E0}"
EndProject
Project("{9A19103F-16F7-4668-BE54-9A1E7A4F7556}") = "Q42.HueApi.ColorConverters", "Q42.HueApi.ColorConverters\Q42.HueApi.ColorConverters.csproj", "{30E87AE1-1276-43EB-9143-1513EB1F6FC3}"
EndProject
Project("{2150E333-8FDC-42A3-9474-1A3956D46DE8}") = "Tests", "Tests", "{4D056BD7-E0A1-4B24-A0CD-DEFB571F1089}"
EndProject
Project("{2150E333-8FDC-42A3-9474-1A3956D46DE8}") = "Samples", "Samples", "{DFB9BA31-9C63-4F2E-A1A9-22F5772A38FC}"
EndProject
Project("{FAE04EC0-301F-11D3-BF4B-00C04F79EFBC}") = "Q42.HueApi.RemoteApi.Sample", "Q42.HueApi.RemoteApi.Sample\Q42.HueApi.RemoteApi.Sample.csproj", "{3B8D82D5-46D1-48B7-9D1D-F2288D9979C7}"
EndProject
Project("{FAE04EC0-301F-11D3-BF4B-00C04F79EFBC}") = "Q42.HueApi.UniversalWindows.Sample", "Q42.HueApi.UniversalWindows.Sample\Q42.HueApi.UniversalWindows.Sample.csproj", "{61EF8922-31CF-4C00-ABA9-ABEE8E8DF06B}"
EndProject
Global
	GlobalSection(SolutionConfigurationPlatforms) = preSolution
		CI|Any CPU = CI|Any CPU
		CI|ARM = CI|ARM
		CI|x64 = CI|x64
		CI|x86 = CI|x86
		Debug|Any CPU = Debug|Any CPU
		Debug|ARM = Debug|ARM
		Debug|x64 = Debug|x64
		Debug|x86 = Debug|x86
		Release|Any CPU = Release|Any CPU
		Release|ARM = Release|ARM
		Release|x64 = Release|x64
		Release|x86 = Release|x86
	EndGlobalSection
	GlobalSection(ProjectConfigurationPlatforms) = postSolution
		{0A49146A-6CF7-4074-827E-BE32E24B0445}.CI|Any CPU.ActiveCfg = Release|Any CPU
		{0A49146A-6CF7-4074-827E-BE32E24B0445}.CI|ARM.ActiveCfg = Release|ARM
		{0A49146A-6CF7-4074-827E-BE32E24B0445}.CI|x64.ActiveCfg = Release|x64
		{0A49146A-6CF7-4074-827E-BE32E24B0445}.CI|x86.ActiveCfg = Release|x86
		{0A49146A-6CF7-4074-827E-BE32E24B0445}.Debug|Any CPU.ActiveCfg = Debug|Any CPU
		{0A49146A-6CF7-4074-827E-BE32E24B0445}.Debug|Any CPU.Build.0 = Debug|Any CPU
		{0A49146A-6CF7-4074-827E-BE32E24B0445}.Debug|ARM.ActiveCfg = Debug|ARM
		{0A49146A-6CF7-4074-827E-BE32E24B0445}.Debug|ARM.Build.0 = Debug|ARM
		{0A49146A-6CF7-4074-827E-BE32E24B0445}.Debug|x64.ActiveCfg = Debug|x64
		{0A49146A-6CF7-4074-827E-BE32E24B0445}.Debug|x64.Build.0 = Debug|x64
		{0A49146A-6CF7-4074-827E-BE32E24B0445}.Debug|x86.ActiveCfg = Debug|x86
		{0A49146A-6CF7-4074-827E-BE32E24B0445}.Debug|x86.Build.0 = Debug|x86
		{0A49146A-6CF7-4074-827E-BE32E24B0445}.Release|Any CPU.ActiveCfg = Release|Any CPU
		{0A49146A-6CF7-4074-827E-BE32E24B0445}.Release|Any CPU.Build.0 = Release|Any CPU
		{0A49146A-6CF7-4074-827E-BE32E24B0445}.Release|ARM.ActiveCfg = Release|ARM
		{0A49146A-6CF7-4074-827E-BE32E24B0445}.Release|ARM.Build.0 = Release|ARM
		{0A49146A-6CF7-4074-827E-BE32E24B0445}.Release|x64.ActiveCfg = Release|x64
		{0A49146A-6CF7-4074-827E-BE32E24B0445}.Release|x64.Build.0 = Release|x64
		{0A49146A-6CF7-4074-827E-BE32E24B0445}.Release|x86.ActiveCfg = Release|x86
		{0A49146A-6CF7-4074-827E-BE32E24B0445}.Release|x86.Build.0 = Release|x86
		{BBB3D8F5-5E2E-4366-81CC-D37BEBE10891}.CI|Any CPU.ActiveCfg = CI|Any CPU
		{BBB3D8F5-5E2E-4366-81CC-D37BEBE10891}.CI|Any CPU.Build.0 = CI|Any CPU
		{BBB3D8F5-5E2E-4366-81CC-D37BEBE10891}.CI|ARM.ActiveCfg = CI|Any CPU
		{BBB3D8F5-5E2E-4366-81CC-D37BEBE10891}.CI|ARM.Build.0 = CI|Any CPU
		{BBB3D8F5-5E2E-4366-81CC-D37BEBE10891}.CI|x64.ActiveCfg = CI|Any CPU
		{BBB3D8F5-5E2E-4366-81CC-D37BEBE10891}.CI|x64.Build.0 = CI|Any CPU
		{BBB3D8F5-5E2E-4366-81CC-D37BEBE10891}.CI|x86.ActiveCfg = CI|Any CPU
		{BBB3D8F5-5E2E-4366-81CC-D37BEBE10891}.CI|x86.Build.0 = CI|Any CPU
		{BBB3D8F5-5E2E-4366-81CC-D37BEBE10891}.Debug|Any CPU.ActiveCfg = Debug|Any CPU
		{BBB3D8F5-5E2E-4366-81CC-D37BEBE10891}.Debug|Any CPU.Build.0 = Debug|Any CPU
		{BBB3D8F5-5E2E-4366-81CC-D37BEBE10891}.Debug|ARM.ActiveCfg = Debug|Any CPU
		{BBB3D8F5-5E2E-4366-81CC-D37BEBE10891}.Debug|x64.ActiveCfg = Debug|Any CPU
		{BBB3D8F5-5E2E-4366-81CC-D37BEBE10891}.Debug|x86.ActiveCfg = Debug|Any CPU
		{BBB3D8F5-5E2E-4366-81CC-D37BEBE10891}.Release|Any CPU.ActiveCfg = Release|Any CPU
		{BBB3D8F5-5E2E-4366-81CC-D37BEBE10891}.Release|Any CPU.Build.0 = Release|Any CPU
		{BBB3D8F5-5E2E-4366-81CC-D37BEBE10891}.Release|ARM.ActiveCfg = Release|Any CPU
		{BBB3D8F5-5E2E-4366-81CC-D37BEBE10891}.Release|x64.ActiveCfg = Release|Any CPU
		{BBB3D8F5-5E2E-4366-81CC-D37BEBE10891}.Release|x86.ActiveCfg = Release|Any CPU
		{2114B768-86CF-4687-BCFD-2B7916C85CD9}.CI|Any CPU.ActiveCfg = CI|Any CPU
		{2114B768-86CF-4687-BCFD-2B7916C85CD9}.CI|Any CPU.Build.0 = CI|Any CPU
		{2114B768-86CF-4687-BCFD-2B7916C85CD9}.CI|ARM.ActiveCfg = CI|Any CPU
		{2114B768-86CF-4687-BCFD-2B7916C85CD9}.CI|ARM.Build.0 = CI|Any CPU
		{2114B768-86CF-4687-BCFD-2B7916C85CD9}.CI|x64.ActiveCfg = CI|Any CPU
		{2114B768-86CF-4687-BCFD-2B7916C85CD9}.CI|x64.Build.0 = CI|Any CPU
		{2114B768-86CF-4687-BCFD-2B7916C85CD9}.CI|x86.ActiveCfg = CI|Any CPU
		{2114B768-86CF-4687-BCFD-2B7916C85CD9}.CI|x86.Build.0 = CI|Any CPU
		{2114B768-86CF-4687-BCFD-2B7916C85CD9}.Debug|Any CPU.ActiveCfg = Debug|Any CPU
		{2114B768-86CF-4687-BCFD-2B7916C85CD9}.Debug|Any CPU.Build.0 = Debug|Any CPU
		{2114B768-86CF-4687-BCFD-2B7916C85CD9}.Debug|ARM.ActiveCfg = Debug|Any CPU
		{2114B768-86CF-4687-BCFD-2B7916C85CD9}.Debug|x64.ActiveCfg = Debug|Any CPU
		{2114B768-86CF-4687-BCFD-2B7916C85CD9}.Debug|x86.ActiveCfg = Debug|Any CPU
		{2114B768-86CF-4687-BCFD-2B7916C85CD9}.Release|Any CPU.ActiveCfg = Release|Any CPU
		{2114B768-86CF-4687-BCFD-2B7916C85CD9}.Release|Any CPU.Build.0 = Release|Any CPU
		{2114B768-86CF-4687-BCFD-2B7916C85CD9}.Release|ARM.ActiveCfg = Release|Any CPU
		{2114B768-86CF-4687-BCFD-2B7916C85CD9}.Release|x64.ActiveCfg = Release|Any CPU
		{2114B768-86CF-4687-BCFD-2B7916C85CD9}.Release|x86.ActiveCfg = Release|Any CPU
		{0B96BC44-0006-46C2-BA96-CD63C123FD49}.CI|Any CPU.ActiveCfg = CI|Any CPU
		{0B96BC44-0006-46C2-BA96-CD63C123FD49}.CI|Any CPU.Build.0 = CI|Any CPU
		{0B96BC44-0006-46C2-BA96-CD63C123FD49}.CI|ARM.ActiveCfg = CI|Any CPU
		{0B96BC44-0006-46C2-BA96-CD63C123FD49}.CI|ARM.Build.0 = CI|Any CPU
		{0B96BC44-0006-46C2-BA96-CD63C123FD49}.CI|x64.ActiveCfg = CI|Any CPU
		{0B96BC44-0006-46C2-BA96-CD63C123FD49}.CI|x64.Build.0 = CI|Any CPU
		{0B96BC44-0006-46C2-BA96-CD63C123FD49}.CI|x86.ActiveCfg = CI|Any CPU
		{0B96BC44-0006-46C2-BA96-CD63C123FD49}.CI|x86.Build.0 = CI|Any CPU
		{0B96BC44-0006-46C2-BA96-CD63C123FD49}.Debug|Any CPU.ActiveCfg = Debug|Any CPU
		{0B96BC44-0006-46C2-BA96-CD63C123FD49}.Debug|Any CPU.Build.0 = Debug|Any CPU
		{0B96BC44-0006-46C2-BA96-CD63C123FD49}.Debug|ARM.ActiveCfg = Debug|Any CPU
		{0B96BC44-0006-46C2-BA96-CD63C123FD49}.Debug|x64.ActiveCfg = Debug|Any CPU
		{0B96BC44-0006-46C2-BA96-CD63C123FD49}.Debug|x86.ActiveCfg = Debug|Any CPU
		{0B96BC44-0006-46C2-BA96-CD63C123FD49}.Release|Any CPU.ActiveCfg = Release|Any CPU
		{0B96BC44-0006-46C2-BA96-CD63C123FD49}.Release|Any CPU.Build.0 = Release|Any CPU
		{0B96BC44-0006-46C2-BA96-CD63C123FD49}.Release|ARM.ActiveCfg = Release|Any CPU
		{0B96BC44-0006-46C2-BA96-CD63C123FD49}.Release|x64.ActiveCfg = Release|Any CPU
		{0B96BC44-0006-46C2-BA96-CD63C123FD49}.Release|x86.ActiveCfg = Release|Any CPU
		{64A5861F-4D4E-4127-B70F-F80CC9D49CFD}.CI|Any CPU.ActiveCfg = Release|Any CPU
		{64A5861F-4D4E-4127-B70F-F80CC9D49CFD}.CI|Any CPU.Build.0 = Release|Any CPU
		{64A5861F-4D4E-4127-B70F-F80CC9D49CFD}.CI|ARM.ActiveCfg = Release|Any CPU
		{64A5861F-4D4E-4127-B70F-F80CC9D49CFD}.CI|ARM.Build.0 = Release|Any CPU
		{64A5861F-4D4E-4127-B70F-F80CC9D49CFD}.CI|x64.ActiveCfg = Release|Any CPU
		{64A5861F-4D4E-4127-B70F-F80CC9D49CFD}.CI|x64.Build.0 = Release|Any CPU
		{64A5861F-4D4E-4127-B70F-F80CC9D49CFD}.CI|x86.ActiveCfg = Release|Any CPU
		{64A5861F-4D4E-4127-B70F-F80CC9D49CFD}.CI|x86.Build.0 = Release|Any CPU
		{64A5861F-4D4E-4127-B70F-F80CC9D49CFD}.Debug|Any CPU.ActiveCfg = Debug|Any CPU
		{64A5861F-4D4E-4127-B70F-F80CC9D49CFD}.Debug|Any CPU.Build.0 = Debug|Any CPU
		{64A5861F-4D4E-4127-B70F-F80CC9D49CFD}.Debug|ARM.ActiveCfg = Debug|Any CPU
		{64A5861F-4D4E-4127-B70F-F80CC9D49CFD}.Debug|ARM.Build.0 = Debug|Any CPU
		{64A5861F-4D4E-4127-B70F-F80CC9D49CFD}.Debug|x64.ActiveCfg = Debug|Any CPU
		{64A5861F-4D4E-4127-B70F-F80CC9D49CFD}.Debug|x64.Build.0 = Debug|Any CPU
		{64A5861F-4D4E-4127-B70F-F80CC9D49CFD}.Debug|x86.ActiveCfg = Debug|Any CPU
		{64A5861F-4D4E-4127-B70F-F80CC9D49CFD}.Debug|x86.Build.0 = Debug|Any CPU
		{64A5861F-4D4E-4127-B70F-F80CC9D49CFD}.Release|Any CPU.ActiveCfg = Release|Any CPU
		{64A5861F-4D4E-4127-B70F-F80CC9D49CFD}.Release|Any CPU.Build.0 = Release|Any CPU
		{64A5861F-4D4E-4127-B70F-F80CC9D49CFD}.Release|ARM.ActiveCfg = Release|Any CPU
		{64A5861F-4D4E-4127-B70F-F80CC9D49CFD}.Release|ARM.Build.0 = Release|Any CPU
		{64A5861F-4D4E-4127-B70F-F80CC9D49CFD}.Release|x64.ActiveCfg = Release|Any CPU
		{64A5861F-4D4E-4127-B70F-F80CC9D49CFD}.Release|x64.Build.0 = Release|Any CPU
		{64A5861F-4D4E-4127-B70F-F80CC9D49CFD}.Release|x86.ActiveCfg = Release|Any CPU
		{64A5861F-4D4E-4127-B70F-F80CC9D49CFD}.Release|x86.Build.0 = Release|Any CPU
		{6BE87311-0ABB-4CDE-93AD-F8A3309A31E0}.CI|Any CPU.ActiveCfg = Release|Any CPU
		{6BE87311-0ABB-4CDE-93AD-F8A3309A31E0}.CI|Any CPU.Build.0 = Release|Any CPU
		{6BE87311-0ABB-4CDE-93AD-F8A3309A31E0}.CI|ARM.ActiveCfg = Release|Any CPU
		{6BE87311-0ABB-4CDE-93AD-F8A3309A31E0}.CI|ARM.Build.0 = Release|Any CPU
		{6BE87311-0ABB-4CDE-93AD-F8A3309A31E0}.CI|x64.ActiveCfg = Release|Any CPU
		{6BE87311-0ABB-4CDE-93AD-F8A3309A31E0}.CI|x64.Build.0 = Release|Any CPU
		{6BE87311-0ABB-4CDE-93AD-F8A3309A31E0}.CI|x86.ActiveCfg = Release|Any CPU
		{6BE87311-0ABB-4CDE-93AD-F8A3309A31E0}.CI|x86.Build.0 = Release|Any CPU
		{6BE87311-0ABB-4CDE-93AD-F8A3309A31E0}.Debug|Any CPU.ActiveCfg = Debug|Any CPU
		{6BE87311-0ABB-4CDE-93AD-F8A3309A31E0}.Debug|Any CPU.Build.0 = Debug|Any CPU
		{6BE87311-0ABB-4CDE-93AD-F8A3309A31E0}.Debug|ARM.ActiveCfg = Debug|Any CPU
		{6BE87311-0ABB-4CDE-93AD-F8A3309A31E0}.Debug|ARM.Build.0 = Debug|Any CPU
		{6BE87311-0ABB-4CDE-93AD-F8A3309A31E0}.Debug|x64.ActiveCfg = Debug|Any CPU
		{6BE87311-0ABB-4CDE-93AD-F8A3309A31E0}.Debug|x64.Build.0 = Debug|Any CPU
		{6BE87311-0ABB-4CDE-93AD-F8A3309A31E0}.Debug|x86.ActiveCfg = Debug|Any CPU
		{6BE87311-0ABB-4CDE-93AD-F8A3309A31E0}.Debug|x86.Build.0 = Debug|Any CPU
		{6BE87311-0ABB-4CDE-93AD-F8A3309A31E0}.Release|Any CPU.ActiveCfg = Release|Any CPU
		{6BE87311-0ABB-4CDE-93AD-F8A3309A31E0}.Release|Any CPU.Build.0 = Release|Any CPU
		{6BE87311-0ABB-4CDE-93AD-F8A3309A31E0}.Release|ARM.ActiveCfg = Release|Any CPU
		{6BE87311-0ABB-4CDE-93AD-F8A3309A31E0}.Release|ARM.Build.0 = Release|Any CPU
		{6BE87311-0ABB-4CDE-93AD-F8A3309A31E0}.Release|x64.ActiveCfg = Release|Any CPU
		{6BE87311-0ABB-4CDE-93AD-F8A3309A31E0}.Release|x64.Build.0 = Release|Any CPU
		{6BE87311-0ABB-4CDE-93AD-F8A3309A31E0}.Release|x86.ActiveCfg = Release|Any CPU
		{6BE87311-0ABB-4CDE-93AD-F8A3309A31E0}.Release|x86.Build.0 = Release|Any CPU
		{30E87AE1-1276-43EB-9143-1513EB1F6FC3}.CI|Any CPU.ActiveCfg = Release|Any CPU
		{30E87AE1-1276-43EB-9143-1513EB1F6FC3}.CI|Any CPU.Build.0 = Release|Any CPU
		{30E87AE1-1276-43EB-9143-1513EB1F6FC3}.CI|ARM.ActiveCfg = Release|Any CPU
		{30E87AE1-1276-43EB-9143-1513EB1F6FC3}.CI|ARM.Build.0 = Release|Any CPU
		{30E87AE1-1276-43EB-9143-1513EB1F6FC3}.CI|x64.ActiveCfg = Release|Any CPU
		{30E87AE1-1276-43EB-9143-1513EB1F6FC3}.CI|x64.Build.0 = Release|Any CPU
		{30E87AE1-1276-43EB-9143-1513EB1F6FC3}.CI|x86.ActiveCfg = Release|Any CPU
		{30E87AE1-1276-43EB-9143-1513EB1F6FC3}.CI|x86.Build.0 = Release|Any CPU
		{30E87AE1-1276-43EB-9143-1513EB1F6FC3}.Debug|Any CPU.ActiveCfg = Debug|Any CPU
		{30E87AE1-1276-43EB-9143-1513EB1F6FC3}.Debug|Any CPU.Build.0 = Debug|Any CPU
		{30E87AE1-1276-43EB-9143-1513EB1F6FC3}.Debug|ARM.ActiveCfg = Debug|Any CPU
		{30E87AE1-1276-43EB-9143-1513EB1F6FC3}.Debug|ARM.Build.0 = Debug|Any CPU
		{30E87AE1-1276-43EB-9143-1513EB1F6FC3}.Debug|x64.ActiveCfg = Debug|Any CPU
		{30E87AE1-1276-43EB-9143-1513EB1F6FC3}.Debug|x64.Build.0 = Debug|Any CPU
		{30E87AE1-1276-43EB-9143-1513EB1F6FC3}.Debug|x86.ActiveCfg = Debug|Any CPU
		{30E87AE1-1276-43EB-9143-1513EB1F6FC3}.Debug|x86.Build.0 = Debug|Any CPU
		{30E87AE1-1276-43EB-9143-1513EB1F6FC3}.Release|Any CPU.ActiveCfg = Release|Any CPU
		{30E87AE1-1276-43EB-9143-1513EB1F6FC3}.Release|Any CPU.Build.0 = Release|Any CPU
		{30E87AE1-1276-43EB-9143-1513EB1F6FC3}.Release|ARM.ActiveCfg = Release|Any CPU
		{30E87AE1-1276-43EB-9143-1513EB1F6FC3}.Release|ARM.Build.0 = Release|Any CPU
		{30E87AE1-1276-43EB-9143-1513EB1F6FC3}.Release|x64.ActiveCfg = Release|Any CPU
		{30E87AE1-1276-43EB-9143-1513EB1F6FC3}.Release|x64.Build.0 = Release|Any CPU
		{30E87AE1-1276-43EB-9143-1513EB1F6FC3}.Release|x86.ActiveCfg = Release|Any CPU
		{30E87AE1-1276-43EB-9143-1513EB1F6FC3}.Release|x86.Build.0 = Release|Any CPU
		{3B8D82D5-46D1-48B7-9D1D-F2288D9979C7}.CI|Any CPU.ActiveCfg = Release|x64
		{3B8D82D5-46D1-48B7-9D1D-F2288D9979C7}.CI|Any CPU.Build.0 = Release|x64
		{3B8D82D5-46D1-48B7-9D1D-F2288D9979C7}.CI|Any CPU.Deploy.0 = Release|x64
		{3B8D82D5-46D1-48B7-9D1D-F2288D9979C7}.CI|ARM.ActiveCfg = Release|ARM
		{3B8D82D5-46D1-48B7-9D1D-F2288D9979C7}.CI|ARM.Build.0 = Release|ARM
		{3B8D82D5-46D1-48B7-9D1D-F2288D9979C7}.CI|ARM.Deploy.0 = Release|ARM
		{3B8D82D5-46D1-48B7-9D1D-F2288D9979C7}.CI|x64.ActiveCfg = Release|x64
		{3B8D82D5-46D1-48B7-9D1D-F2288D9979C7}.CI|x64.Build.0 = Release|x64
		{3B8D82D5-46D1-48B7-9D1D-F2288D9979C7}.CI|x64.Deploy.0 = Release|x64
		{3B8D82D5-46D1-48B7-9D1D-F2288D9979C7}.CI|x86.ActiveCfg = Release|x86
		{3B8D82D5-46D1-48B7-9D1D-F2288D9979C7}.CI|x86.Build.0 = Release|x86
		{3B8D82D5-46D1-48B7-9D1D-F2288D9979C7}.CI|x86.Deploy.0 = Release|x86
		{3B8D82D5-46D1-48B7-9D1D-F2288D9979C7}.Debug|Any CPU.ActiveCfg = Debug|x86
		{3B8D82D5-46D1-48B7-9D1D-F2288D9979C7}.Debug|Any CPU.Build.0 = Debug|x86
		{3B8D82D5-46D1-48B7-9D1D-F2288D9979C7}.Debug|Any CPU.Deploy.0 = Debug|x86
		{3B8D82D5-46D1-48B7-9D1D-F2288D9979C7}.Debug|ARM.ActiveCfg = Debug|ARM
		{3B8D82D5-46D1-48B7-9D1D-F2288D9979C7}.Debug|ARM.Build.0 = Debug|ARM
		{3B8D82D5-46D1-48B7-9D1D-F2288D9979C7}.Debug|ARM.Deploy.0 = Debug|ARM
		{3B8D82D5-46D1-48B7-9D1D-F2288D9979C7}.Debug|x64.ActiveCfg = Debug|x64
		{3B8D82D5-46D1-48B7-9D1D-F2288D9979C7}.Debug|x64.Build.0 = Debug|x64
		{3B8D82D5-46D1-48B7-9D1D-F2288D9979C7}.Debug|x64.Deploy.0 = Debug|x64
		{3B8D82D5-46D1-48B7-9D1D-F2288D9979C7}.Debug|x86.ActiveCfg = Debug|x86
		{3B8D82D5-46D1-48B7-9D1D-F2288D9979C7}.Debug|x86.Build.0 = Debug|x86
		{3B8D82D5-46D1-48B7-9D1D-F2288D9979C7}.Debug|x86.Deploy.0 = Debug|x86
		{3B8D82D5-46D1-48B7-9D1D-F2288D9979C7}.Release|Any CPU.ActiveCfg = Release|x86
		{3B8D82D5-46D1-48B7-9D1D-F2288D9979C7}.Release|ARM.ActiveCfg = Release|ARM
		{3B8D82D5-46D1-48B7-9D1D-F2288D9979C7}.Release|ARM.Build.0 = Release|ARM
		{3B8D82D5-46D1-48B7-9D1D-F2288D9979C7}.Release|ARM.Deploy.0 = Release|ARM
		{3B8D82D5-46D1-48B7-9D1D-F2288D9979C7}.Release|x64.ActiveCfg = Release|x64
		{3B8D82D5-46D1-48B7-9D1D-F2288D9979C7}.Release|x64.Build.0 = Release|x64
		{3B8D82D5-46D1-48B7-9D1D-F2288D9979C7}.Release|x64.Deploy.0 = Release|x64
		{3B8D82D5-46D1-48B7-9D1D-F2288D9979C7}.Release|x86.ActiveCfg = Release|x86
		{3B8D82D5-46D1-48B7-9D1D-F2288D9979C7}.Release|x86.Build.0 = Release|x86
		{3B8D82D5-46D1-48B7-9D1D-F2288D9979C7}.Release|x86.Deploy.0 = Release|x86
		{61EF8922-31CF-4C00-ABA9-ABEE8E8DF06B}.CI|Any CPU.ActiveCfg = Release|x64
		{61EF8922-31CF-4C00-ABA9-ABEE8E8DF06B}.CI|Any CPU.Build.0 = Release|x64
		{61EF8922-31CF-4C00-ABA9-ABEE8E8DF06B}.CI|Any CPU.Deploy.0 = Release|x64
		{61EF8922-31CF-4C00-ABA9-ABEE8E8DF06B}.CI|ARM.ActiveCfg = Release|ARM
		{61EF8922-31CF-4C00-ABA9-ABEE8E8DF06B}.CI|ARM.Build.0 = Release|ARM
		{61EF8922-31CF-4C00-ABA9-ABEE8E8DF06B}.CI|ARM.Deploy.0 = Release|ARM
		{61EF8922-31CF-4C00-ABA9-ABEE8E8DF06B}.CI|x64.ActiveCfg = Release|x64
		{61EF8922-31CF-4C00-ABA9-ABEE8E8DF06B}.CI|x64.Build.0 = Release|x64
		{61EF8922-31CF-4C00-ABA9-ABEE8E8DF06B}.CI|x64.Deploy.0 = Release|x64
		{61EF8922-31CF-4C00-ABA9-ABEE8E8DF06B}.CI|x86.ActiveCfg = Release|x86
		{61EF8922-31CF-4C00-ABA9-ABEE8E8DF06B}.CI|x86.Build.0 = Release|x86
		{61EF8922-31CF-4C00-ABA9-ABEE8E8DF06B}.CI|x86.Deploy.0 = Release|x86
		{61EF8922-31CF-4C00-ABA9-ABEE8E8DF06B}.Debug|Any CPU.ActiveCfg = Debug|x86
		{61EF8922-31CF-4C00-ABA9-ABEE8E8DF06B}.Debug|Any CPU.Build.0 = Debug|x86
		{61EF8922-31CF-4C00-ABA9-ABEE8E8DF06B}.Debug|Any CPU.Deploy.0 = Debug|x86
		{61EF8922-31CF-4C00-ABA9-ABEE8E8DF06B}.Debug|ARM.ActiveCfg = Debug|ARM
		{61EF8922-31CF-4C00-ABA9-ABEE8E8DF06B}.Debug|ARM.Build.0 = Debug|ARM
		{61EF8922-31CF-4C00-ABA9-ABEE8E8DF06B}.Debug|ARM.Deploy.0 = Debug|ARM
		{61EF8922-31CF-4C00-ABA9-ABEE8E8DF06B}.Debug|x64.ActiveCfg = Debug|x64
		{61EF8922-31CF-4C00-ABA9-ABEE8E8DF06B}.Debug|x64.Build.0 = Debug|x64
		{61EF8922-31CF-4C00-ABA9-ABEE8E8DF06B}.Debug|x64.Deploy.0 = Debug|x64
		{61EF8922-31CF-4C00-ABA9-ABEE8E8DF06B}.Debug|x86.ActiveCfg = Debug|x86
		{61EF8922-31CF-4C00-ABA9-ABEE8E8DF06B}.Debug|x86.Build.0 = Debug|x86
		{61EF8922-31CF-4C00-ABA9-ABEE8E8DF06B}.Debug|x86.Deploy.0 = Debug|x86
		{61EF8922-31CF-4C00-ABA9-ABEE8E8DF06B}.Release|Any CPU.ActiveCfg = Release|x86
		{61EF8922-31CF-4C00-ABA9-ABEE8E8DF06B}.Release|ARM.ActiveCfg = Release|ARM
		{61EF8922-31CF-4C00-ABA9-ABEE8E8DF06B}.Release|ARM.Build.0 = Release|ARM
		{61EF8922-31CF-4C00-ABA9-ABEE8E8DF06B}.Release|ARM.Deploy.0 = Release|ARM
		{61EF8922-31CF-4C00-ABA9-ABEE8E8DF06B}.Release|x64.ActiveCfg = Release|x64
		{61EF8922-31CF-4C00-ABA9-ABEE8E8DF06B}.Release|x64.Build.0 = Release|x64
		{61EF8922-31CF-4C00-ABA9-ABEE8E8DF06B}.Release|x64.Deploy.0 = Release|x64
		{61EF8922-31CF-4C00-ABA9-ABEE8E8DF06B}.Release|x86.ActiveCfg = Release|x86
		{61EF8922-31CF-4C00-ABA9-ABEE8E8DF06B}.Release|x86.Build.0 = Release|x86
		{61EF8922-31CF-4C00-ABA9-ABEE8E8DF06B}.Release|x86.Deploy.0 = Release|x86
	EndGlobalSection
	GlobalSection(SolutionProperties) = preSolution
		HideSolutionNode = FALSE
	EndGlobalSection
	GlobalSection(NestedProjects) = preSolution
		{2114B768-86CF-4687-BCFD-2B7916C85CD9} = {4D056BD7-E0A1-4B24-A0CD-DEFB571F1089}
		{0B96BC44-0006-46C2-BA96-CD63C123FD49} = {4D056BD7-E0A1-4B24-A0CD-DEFB571F1089}
		{64A5861F-4D4E-4127-B70F-F80CC9D49CFD} = {4D056BD7-E0A1-4B24-A0CD-DEFB571F1089}
		{3B8D82D5-46D1-48B7-9D1D-F2288D9979C7} = {DFB9BA31-9C63-4F2E-A1A9-22F5772A38FC}
		{61EF8922-31CF-4C00-ABA9-ABEE8E8DF06B} = {DFB9BA31-9C63-4F2E-A1A9-22F5772A38FC}
	EndGlobalSection
	GlobalSection(ExtensibilityGlobals) = postSolution
		EnterpriseLibraryConfigurationToolBinariesPath = packages\Unity.2.1.505.2\lib\NET35
	EndGlobalSection
EndGlobal
