
Microsoft Visual Studio Solution File, Format Version 12.00
# Visual Studio Version 17
VisualStudioVersion = 17.0.31903.59
MinimumVisualStudioVersion = 10.0.40219.1
Project("{FAE04EC0-301F-11D3-BF4B-00C04F79EFBC}") = "Q42.HueApi.Tests", "Q42.HueApi.Tests\Q42.HueApi.Tests.csproj", "{0B96BC44-0006-46C2-BA96-CD63C123FD49}"
EndProject
Project("{FAE04EC0-301F-11D3-BF4B-00C04F79EFBC}") = "Q42.HueApi.ColorConverters.Tests", "Q42.HueApi.ColorConverters.Tests\Q42.HueApi.ColorConverters.Tests.csproj", "{64A5861F-4D4E-4127-B70F-F80CC9D49CFD}"
EndProject
Project("{9A19103F-16F7-4668-BE54-9A1E7A4F7556}") = "Q42.HueApi", "Q42.HueApi\Q42.HueApi.csproj", "{6BE87311-0ABB-4CDE-93AD-F8A3309A31E0}"
EndProject
Project("{9A19103F-16F7-4668-BE54-9A1E7A4F7556}") = "Q42.HueApi.ColorConverters", "Q42.HueApi.ColorConverters\Q42.HueApi.ColorConverters.csproj", "{30E87AE1-1276-43EB-9143-1513EB1F6FC3}"
EndProject
Project("{2150E333-8FDC-42A3-9474-1A3956D46DE8}") = "Tests", "Tests", "{4D056BD7-E0A1-4B24-A0CD-DEFB571F1089}"
EndProject
Project("{2150E333-8FDC-42A3-9474-1A3956D46DE8}") = "Samples", "Samples", "{DFB9BA31-9C63-4F2E-A1A9-22F5772A38FC}"
EndProject
Project("{FAE04EC0-301F-11D3-BF4B-00C04F79EFBC}") = "Q42.HueApi.RemoteApi.Sample", "Q42.HueApi.RemoteApi.Sample\Q42.HueApi.RemoteApi.Sample.csproj", "{3B8D82D5-46D1-48B7-9D1D-F2288D9979C7}"
EndProject
Project("{FAE04EC0-301F-11D3-BF4B-00C04F79EFBC}") = "Q42.HueApi.UniversalWindows.Sample", "Q42.HueApi.UniversalWindows.Sample\Q42.HueApi.UniversalWindows.Sample.csproj", "{61EF8922-31CF-4C00-ABA9-ABEE8E8DF06B}"
EndProject
Project("{9A19103F-16F7-4668-BE54-9A1E7A4F7556}") = "Q42.HueApi.Streaming", "Q42.HueApi.Streaming\Q42.HueApi.Streaming.csproj", "{CAE9E389-2139-4BEB-94B5-A24E1788F68C}"
EndProject
Project("{9A19103F-16F7-4668-BE54-9A1E7A4F7556}") = "Q42.HueApi.Streaming.Sample", "Q42.HueApi.Streaming.Sample\Q42.HueApi.Streaming.Sample.csproj", "{5F16A7B0-06D8-4E78-BECC-313AC438155E}"
EndProject
Project("{9A19103F-16F7-4668-BE54-9A1E7A4F7556}") = "HueApi", "HueApi\HueApi.csproj", "{0FAC90DF-157F-4093-9B7A-1A6454EC4E77}"
EndProject
Project("{9A19103F-16F7-4668-BE54-9A1E7A4F7556}") = "HueApi.Tests", "HueApi.Tests\HueApi.Tests.csproj", "{1F539D60-A1D7-4B46-9290-9A8D0B2D3978}"
EndProject
Project("{FAE04EC0-301F-11D3-BF4B-00C04F79EFBC}") = "HueApi.ConsoleSample", "HueApi.ConsoleSample\HueApi.ConsoleSample.csproj", "{D2F2AA7D-D327-4D2A-9F9D-8E01FEBE4AFB}"
EndProject
Global
	GlobalSection(SolutionConfigurationPlatforms) = preSolution
		Debug|Any CPU = Debug|Any CPU
		Debug|ARM = Debug|ARM
		Debug|x64 = Debug|x64
		Debug|x86 = Debug|x86
		Release|Any CPU = Release|Any CPU
		Release|ARM = Release|ARM
		Release|x64 = Release|x64
		Release|x86 = Release|x86
	EndGlobalSection
	GlobalSection(ProjectConfigurationPlatforms) = postSolution
		{0B96BC44-0006-46C2-BA96-CD63C123FD49}.Debug|Any CPU.ActiveCfg = Debug|Any CPU
		{0B96BC44-0006-46C2-BA96-CD63C123FD49}.Debug|Any CPU.Build.0 = Debug|Any CPU
		{0B96BC44-0006-46C2-BA96-CD63C123FD49}.Debug|ARM.ActiveCfg = Debug|Any CPU
		{0B96BC44-0006-46C2-BA96-CD63C123FD49}.Debug|x64.ActiveCfg = Debug|Any CPU
		{0B96BC44-0006-46C2-BA96-CD63C123FD49}.Debug|x86.ActiveCfg = Debug|Any CPU
		{0B96BC44-0006-46C2-BA96-CD63C123FD49}.Release|Any CPU.ActiveCfg = Release|Any CPU
		{0B96BC44-0006-46C2-BA96-CD63C123FD49}.Release|Any CPU.Build.0 = Release|Any CPU
		{0B96BC44-0006-46C2-BA96-CD63C123FD49}.Release|ARM.ActiveCfg = Release|Any CPU
		{0B96BC44-0006-46C2-BA96-CD63C123FD49}.Release|x64.ActiveCfg = Release|Any CPU
		{0B96BC44-0006-46C2-BA96-CD63C123FD49}.Release|x86.ActiveCfg = Release|Any CPU
		{64A5861F-4D4E-4127-B70F-F80CC9D49CFD}.Debug|Any CPU.ActiveCfg = Debug|Any CPU
		{64A5861F-4D4E-4127-B70F-F80CC9D49CFD}.Debug|Any CPU.Build.0 = Debug|Any CPU
		{64A5861F-4D4E-4127-B70F-F80CC9D49CFD}.Debug|ARM.ActiveCfg = Debug|Any CPU
		{64A5861F-4D4E-4127-B70F-F80CC9D49CFD}.Debug|ARM.Build.0 = Debug|Any CPU
		{64A5861F-4D4E-4127-B70F-F80CC9D49CFD}.Debug|x64.ActiveCfg = Debug|Any CPU
		{64A5861F-4D4E-4127-B70F-F80CC9D49CFD}.Debug|x64.Build.0 = Debug|Any CPU
		{64A5861F-4D4E-4127-B70F-F80CC9D49CFD}.Debug|x86.ActiveCfg = Debug|Any CPU
		{64A5861F-4D4E-4127-B70F-F80CC9D49CFD}.Debug|x86.Build.0 = Debug|Any CPU
		{64A5861F-4D4E-4127-B70F-F80CC9D49CFD}.Release|Any CPU.ActiveCfg = Release|Any CPU
		{64A5861F-4D4E-4127-B70F-F80CC9D49CFD}.Release|Any CPU.Build.0 = Release|Any CPU
		{64A5861F-4D4E-4127-B70F-F80CC9D49CFD}.Release|ARM.ActiveCfg = Release|Any CPU
		{64A5861F-4D4E-4127-B70F-F80CC9D49CFD}.Release|ARM.Build.0 = Release|Any CPU
		{64A5861F-4D4E-4127-B70F-F80CC9D49CFD}.Release|x64.ActiveCfg = Release|Any CPU
		{64A5861F-4D4E-4127-B70F-F80CC9D49CFD}.Release|x64.Build.0 = Release|Any CPU
		{64A5861F-4D4E-4127-B70F-F80CC9D49CFD}.Release|x86.ActiveCfg = Release|Any CPU
		{64A5861F-4D4E-4127-B70F-F80CC9D49CFD}.Release|x86.Build.0 = Release|Any CPU
		{6BE87311-0ABB-4CDE-93AD-F8A3309A31E0}.Debug|Any CPU.ActiveCfg = Debug|Any CPU
		{6BE87311-0ABB-4CDE-93AD-F8A3309A31E0}.Debug|Any CPU.Build.0 = Debug|Any CPU
		{6BE87311-0ABB-4CDE-93AD-F8A3309A31E0}.Debug|ARM.ActiveCfg = Debug|Any CPU
		{6BE87311-0ABB-4CDE-93AD-F8A3309A31E0}.Debug|ARM.Build.0 = Debug|Any CPU
		{6BE87311-0ABB-4CDE-93AD-F8A3309A31E0}.Debug|x64.ActiveCfg = Debug|Any CPU
		{6BE87311-0ABB-4CDE-93AD-F8A3309A31E0}.Debug|x64.Build.0 = Debug|Any CPU
		{6BE87311-0ABB-4CDE-93AD-F8A3309A31E0}.Debug|x86.ActiveCfg = Debug|Any CPU
		{6BE87311-0ABB-4CDE-93AD-F8A3309A31E0}.Debug|x86.Build.0 = Debug|Any CPU
		{6BE87311-0ABB-4CDE-93AD-F8A3309A31E0}.Release|Any CPU.ActiveCfg = Release|Any CPU
		{6BE87311-0ABB-4CDE-93AD-F8A3309A31E0}.Release|Any CPU.Build.0 = Release|Any CPU
		{6BE87311-0ABB-4CDE-93AD-F8A3309A31E0}.Release|ARM.ActiveCfg = Release|Any CPU
		{6BE87311-0ABB-4CDE-93AD-F8A3309A31E0}.Release|ARM.Build.0 = Release|Any CPU
		{6BE87311-0ABB-4CDE-93AD-F8A3309A31E0}.Release|x64.ActiveCfg = Release|Any CPU
		{6BE87311-0ABB-4CDE-93AD-F8A3309A31E0}.Release|x64.Build.0 = Release|Any CPU
		{6BE87311-0ABB-4CDE-93AD-F8A3309A31E0}.Release|x86.ActiveCfg = Release|Any CPU
		{6BE87311-0ABB-4CDE-93AD-F8A3309A31E0}.Release|x86.Build.0 = Release|Any CPU
		{30E87AE1-1276-43EB-9143-1513EB1F6FC3}.Debug|Any CPU.ActiveCfg = Debug|Any CPU
		{30E87AE1-1276-43EB-9143-1513EB1F6FC3}.Debug|Any CPU.Build.0 = Debug|Any CPU
		{30E87AE1-1276-43EB-9143-1513EB1F6FC3}.Debug|ARM.ActiveCfg = Debug|Any CPU
		{30E87AE1-1276-43EB-9143-1513EB1F6FC3}.Debug|ARM.Build.0 = Debug|Any CPU
		{30E87AE1-1276-43EB-9143-1513EB1F6FC3}.Debug|x64.ActiveCfg = Debug|Any CPU
		{30E87AE1-1276-43EB-9143-1513EB1F6FC3}.Debug|x64.Build.0 = Debug|Any CPU
		{30E87AE1-1276-43EB-9143-1513EB1F6FC3}.Debug|x86.ActiveCfg = Debug|Any CPU
		{30E87AE1-1276-43EB-9143-1513EB1F6FC3}.Debug|x86.Build.0 = Debug|Any CPU
		{30E87AE1-1276-43EB-9143-1513EB1F6FC3}.Release|Any CPU.ActiveCfg = Release|Any CPU
		{30E87AE1-1276-43EB-9143-1513EB1F6FC3}.Release|Any CPU.Build.0 = Release|Any CPU
		{30E87AE1-1276-43EB-9143-1513EB1F6FC3}.Release|ARM.ActiveCfg = Release|Any CPU
		{30E87AE1-1276-43EB-9143-1513EB1F6FC3}.Release|ARM.Build.0 = Release|Any CPU
		{30E87AE1-1276-43EB-9143-1513EB1F6FC3}.Release|x64.ActiveCfg = Release|Any CPU
		{30E87AE1-1276-43EB-9143-1513EB1F6FC3}.Release|x64.Build.0 = Release|Any CPU
		{30E87AE1-1276-43EB-9143-1513EB1F6FC3}.Release|x86.ActiveCfg = Release|Any CPU
		{30E87AE1-1276-43EB-9143-1513EB1F6FC3}.Release|x86.Build.0 = Release|Any CPU
		{3B8D82D5-46D1-48B7-9D1D-F2288D9979C7}.Debug|Any CPU.ActiveCfg = Debug|x86
		{3B8D82D5-46D1-48B7-9D1D-F2288D9979C7}.Debug|Any CPU.Build.0 = Debug|x86
		{3B8D82D5-46D1-48B7-9D1D-F2288D9979C7}.Debug|Any CPU.Deploy.0 = Debug|x86
		{3B8D82D5-46D1-48B7-9D1D-F2288D9979C7}.Debug|ARM.ActiveCfg = Debug|ARM
		{3B8D82D5-46D1-48B7-9D1D-F2288D9979C7}.Debug|ARM.Build.0 = Debug|ARM
		{3B8D82D5-46D1-48B7-9D1D-F2288D9979C7}.Debug|ARM.Deploy.0 = Debug|ARM
		{3B8D82D5-46D1-48B7-9D1D-F2288D9979C7}.Debug|x64.ActiveCfg = Debug|x64
		{3B8D82D5-46D1-48B7-9D1D-F2288D9979C7}.Debug|x64.Build.0 = Debug|x64
		{3B8D82D5-46D1-48B7-9D1D-F2288D9979C7}.Debug|x64.Deploy.0 = Debug|x64
		{3B8D82D5-46D1-48B7-9D1D-F2288D9979C7}.Debug|x86.ActiveCfg = Debug|x86
		{3B8D82D5-46D1-48B7-9D1D-F2288D9979C7}.Debug|x86.Build.0 = Debug|x86
		{3B8D82D5-46D1-48B7-9D1D-F2288D9979C7}.Debug|x86.Deploy.0 = Debug|x86
		{3B8D82D5-46D1-48B7-9D1D-F2288D9979C7}.Release|Any CPU.ActiveCfg = Release|x86
		{3B8D82D5-46D1-48B7-9D1D-F2288D9979C7}.Release|ARM.ActiveCfg = Release|ARM
		{3B8D82D5-46D1-48B7-9D1D-F2288D9979C7}.Release|ARM.Build.0 = Release|ARM
		{3B8D82D5-46D1-48B7-9D1D-F2288D9979C7}.Release|ARM.Deploy.0 = Release|ARM
		{3B8D82D5-46D1-48B7-9D1D-F2288D9979C7}.Release|x64.ActiveCfg = Release|x64
		{3B8D82D5-46D1-48B7-9D1D-F2288D9979C7}.Release|x64.Build.0 = Release|x64
		{3B8D82D5-46D1-48B7-9D1D-F2288D9979C7}.Release|x64.Deploy.0 = Release|x64
		{3B8D82D5-46D1-48B7-9D1D-F2288D9979C7}.Release|x86.ActiveCfg = Release|x86
		{3B8D82D5-46D1-48B7-9D1D-F2288D9979C7}.Release|x86.Build.0 = Release|x86
		{3B8D82D5-46D1-48B7-9D1D-F2288D9979C7}.Release|x86.Deploy.0 = Release|x86
		{61EF8922-31CF-4C00-ABA9-ABEE8E8DF06B}.Debug|Any CPU.ActiveCfg = Debug|x86
		{61EF8922-31CF-4C00-ABA9-ABEE8E8DF06B}.Debug|Any CPU.Build.0 = Debug|x86
		{61EF8922-31CF-4C00-ABA9-ABEE8E8DF06B}.Debug|Any CPU.Deploy.0 = Debug|x86
		{61EF8922-31CF-4C00-ABA9-ABEE8E8DF06B}.Debug|ARM.ActiveCfg = Debug|ARM
		{61EF8922-31CF-4C00-ABA9-ABEE8E8DF06B}.Debug|ARM.Build.0 = Debug|ARM
		{61EF8922-31CF-4C00-ABA9-ABEE8E8DF06B}.Debug|ARM.Deploy.0 = Debug|ARM
		{61EF8922-31CF-4C00-ABA9-ABEE8E8DF06B}.Debug|x64.ActiveCfg = Debug|x64
		{61EF8922-31CF-4C00-ABA9-ABEE8E8DF06B}.Debug|x64.Build.0 = Debug|x64
		{61EF8922-31CF-4C00-ABA9-ABEE8E8DF06B}.Debug|x64.Deploy.0 = Debug|x64
		{61EF8922-31CF-4C00-ABA9-ABEE8E8DF06B}.Debug|x86.ActiveCfg = Debug|x86
		{61EF8922-31CF-4C00-ABA9-ABEE8E8DF06B}.Debug|x86.Build.0 = Debug|x86
		{61EF8922-31CF-4C00-ABA9-ABEE8E8DF06B}.Debug|x86.Deploy.0 = Debug|x86
		{61EF8922-31CF-4C00-ABA9-ABEE8E8DF06B}.Release|Any CPU.ActiveCfg = Release|x86
		{61EF8922-31CF-4C00-ABA9-ABEE8E8DF06B}.Release|ARM.ActiveCfg = Release|ARM
		{61EF8922-31CF-4C00-ABA9-ABEE8E8DF06B}.Release|ARM.Build.0 = Release|ARM
		{61EF8922-31CF-4C00-ABA9-ABEE8E8DF06B}.Release|ARM.Deploy.0 = Release|ARM
		{61EF8922-31CF-4C00-ABA9-ABEE8E8DF06B}.Release|x64.ActiveCfg = Release|x64
		{61EF8922-31CF-4C00-ABA9-ABEE8E8DF06B}.Release|x64.Build.0 = Release|x64
		{61EF8922-31CF-4C00-ABA9-ABEE8E8DF06B}.Release|x64.Deploy.0 = Release|x64
		{61EF8922-31CF-4C00-ABA9-ABEE8E8DF06B}.Release|x86.ActiveCfg = Release|x86
		{61EF8922-31CF-4C00-ABA9-ABEE8E8DF06B}.Release|x86.Build.0 = Release|x86
		{61EF8922-31CF-4C00-ABA9-ABEE8E8DF06B}.Release|x86.Deploy.0 = Release|x86
		{CAE9E389-2139-4BEB-94B5-A24E1788F68C}.Debug|Any CPU.ActiveCfg = Debug|Any CPU
		{CAE9E389-2139-4BEB-94B5-A24E1788F68C}.Debug|Any CPU.Build.0 = Debug|Any CPU
		{CAE9E389-2139-4BEB-94B5-A24E1788F68C}.Debug|ARM.ActiveCfg = Debug|Any CPU
		{CAE9E389-2139-4BEB-94B5-A24E1788F68C}.Debug|ARM.Build.0 = Debug|Any CPU
		{CAE9E389-2139-4BEB-94B5-A24E1788F68C}.Debug|x64.ActiveCfg = Debug|Any CPU
		{CAE9E389-2139-4BEB-94B5-A24E1788F68C}.Debug|x64.Build.0 = Debug|Any CPU
		{CAE9E389-2139-4BEB-94B5-A24E1788F68C}.Debug|x86.ActiveCfg = Debug|Any CPU
		{CAE9E389-2139-4BEB-94B5-A24E1788F68C}.Debug|x86.Build.0 = Debug|Any CPU
		{CAE9E389-2139-4BEB-94B5-A24E1788F68C}.Release|Any CPU.ActiveCfg = Release|Any CPU
		{CAE9E389-2139-4BEB-94B5-A24E1788F68C}.Release|Any CPU.Build.0 = Release|Any CPU
		{CAE9E389-2139-4BEB-94B5-A24E1788F68C}.Release|ARM.ActiveCfg = Release|Any CPU
		{CAE9E389-2139-4BEB-94B5-A24E1788F68C}.Release|ARM.Build.0 = Release|Any CPU
		{CAE9E389-2139-4BEB-94B5-A24E1788F68C}.Release|x64.ActiveCfg = Release|Any CPU
		{CAE9E389-2139-4BEB-94B5-A24E1788F68C}.Release|x64.Build.0 = Release|Any CPU
		{CAE9E389-2139-4BEB-94B5-A24E1788F68C}.Release|x86.ActiveCfg = Release|Any CPU
		{CAE9E389-2139-4BEB-94B5-A24E1788F68C}.Release|x86.Build.0 = Release|Any CPU
		{5F16A7B0-06D8-4E78-BECC-313AC438155E}.Debug|Any CPU.ActiveCfg = Debug|Any CPU
		{5F16A7B0-06D8-4E78-BECC-313AC438155E}.Debug|Any CPU.Build.0 = Debug|Any CPU
		{5F16A7B0-06D8-4E78-BECC-313AC438155E}.Debug|ARM.ActiveCfg = Debug|Any CPU
		{5F16A7B0-06D8-4E78-BECC-313AC438155E}.Debug|ARM.Build.0 = Debug|Any CPU
		{5F16A7B0-06D8-4E78-BECC-313AC438155E}.Debug|x64.ActiveCfg = Debug|Any CPU
		{5F16A7B0-06D8-4E78-BECC-313AC438155E}.Debug|x64.Build.0 = Debug|Any CPU
		{5F16A7B0-06D8-4E78-BECC-313AC438155E}.Debug|x86.ActiveCfg = Debug|Any CPU
		{5F16A7B0-06D8-4E78-BECC-313AC438155E}.Debug|x86.Build.0 = Debug|Any CPU
		{5F16A7B0-06D8-4E78-BECC-313AC438155E}.Release|Any CPU.ActiveCfg = Release|Any CPU
		{5F16A7B0-06D8-4E78-BECC-313AC438155E}.Release|Any CPU.Build.0 = Release|Any CPU
		{5F16A7B0-06D8-4E78-BECC-313AC438155E}.Release|ARM.ActiveCfg = Release|Any CPU
		{5F16A7B0-06D8-4E78-BECC-313AC438155E}.Release|ARM.Build.0 = Release|Any CPU
		{5F16A7B0-06D8-4E78-BECC-313AC438155E}.Release|x64.ActiveCfg = Release|Any CPU
		{5F16A7B0-06D8-4E78-BECC-313AC438155E}.Release|x64.Build.0 = Release|Any CPU
		{5F16A7B0-06D8-4E78-BECC-313AC438155E}.Release|x86.ActiveCfg = Release|Any CPU
		{5F16A7B0-06D8-4E78-BECC-313AC438155E}.Release|x86.Build.0 = Release|Any CPU
		{0FAC90DF-157F-4093-9B7A-1A6454EC4E77}.Debug|Any CPU.ActiveCfg = Debug|Any CPU
		{0FAC90DF-157F-4093-9B7A-1A6454EC4E77}.Debug|Any CPU.Build.0 = Debug|Any CPU
		{0FAC90DF-157F-4093-9B7A-1A6454EC4E77}.Debug|ARM.ActiveCfg = Debug|Any CPU
		{0FAC90DF-157F-4093-9B7A-1A6454EC4E77}.Debug|ARM.Build.0 = Debug|Any CPU
		{0FAC90DF-157F-4093-9B7A-1A6454EC4E77}.Debug|x64.ActiveCfg = Debug|Any CPU
		{0FAC90DF-157F-4093-9B7A-1A6454EC4E77}.Debug|x64.Build.0 = Debug|Any CPU
		{0FAC90DF-157F-4093-9B7A-1A6454EC4E77}.Debug|x86.ActiveCfg = Debug|Any CPU
		{0FAC90DF-157F-4093-9B7A-1A6454EC4E77}.Debug|x86.Build.0 = Debug|Any CPU
		{0FAC90DF-157F-4093-9B7A-1A6454EC4E77}.Release|Any CPU.ActiveCfg = Release|Any CPU
		{0FAC90DF-157F-4093-9B7A-1A6454EC4E77}.Release|Any CPU.Build.0 = Release|Any CPU
		{0FAC90DF-157F-4093-9B7A-1A6454EC4E77}.Release|ARM.ActiveCfg = Release|Any CPU
		{0FAC90DF-157F-4093-9B7A-1A6454EC4E77}.Release|ARM.Build.0 = Release|Any CPU
		{0FAC90DF-157F-4093-9B7A-1A6454EC4E77}.Release|x64.ActiveCfg = Release|Any CPU
		{0FAC90DF-157F-4093-9B7A-1A6454EC4E77}.Release|x64.Build.0 = Release|Any CPU
		{0FAC90DF-157F-4093-9B7A-1A6454EC4E77}.Release|x86.ActiveCfg = Release|Any CPU
		{0FAC90DF-157F-4093-9B7A-1A6454EC4E77}.Release|x86.Build.0 = Release|Any CPU
		{1F539D60-A1D7-4B46-9290-9A8D0B2D3978}.Debug|Any CPU.ActiveCfg = Debug|Any CPU
		{1F539D60-A1D7-4B46-9290-9A8D0B2D3978}.Debug|Any CPU.Build.0 = Debug|Any CPU
		{1F539D60-A1D7-4B46-9290-9A8D0B2D3978}.Debug|ARM.ActiveCfg = Debug|Any CPU
		{1F539D60-A1D7-4B46-9290-9A8D0B2D3978}.Debug|ARM.Build.0 = Debug|Any CPU
		{1F539D60-A1D7-4B46-9290-9A8D0B2D3978}.Debug|x64.ActiveCfg = Debug|Any CPU
		{1F539D60-A1D7-4B46-9290-9A8D0B2D3978}.Debug|x64.Build.0 = Debug|Any CPU
		{1F539D60-A1D7-4B46-9290-9A8D0B2D3978}.Debug|x86.ActiveCfg = Debug|Any CPU
		{1F539D60-A1D7-4B46-9290-9A8D0B2D3978}.Debug|x86.Build.0 = Debug|Any CPU
		{1F539D60-A1D7-4B46-9290-9A8D0B2D3978}.Release|Any CPU.ActiveCfg = Release|Any CPU
		{1F539D60-A1D7-4B46-9290-9A8D0B2D3978}.Release|Any CPU.Build.0 = Release|Any CPU
		{1F539D60-A1D7-4B46-9290-9A8D0B2D3978}.Release|ARM.ActiveCfg = Release|Any CPU
		{1F539D60-A1D7-4B46-9290-9A8D0B2D3978}.Release|ARM.Build.0 = Release|Any CPU
		{1F539D60-A1D7-4B46-9290-9A8D0B2D3978}.Release|x64.ActiveCfg = Release|Any CPU
		{1F539D60-A1D7-4B46-9290-9A8D0B2D3978}.Release|x64.Build.0 = Release|Any CPU
		{1F539D60-A1D7-4B46-9290-9A8D0B2D3978}.Release|x86.ActiveCfg = Release|Any CPU
		{1F539D60-A1D7-4B46-9290-9A8D0B2D3978}.Release|x86.Build.0 = Release|Any CPU
		{D2F2AA7D-D327-4D2A-9F9D-8E01FEBE4AFB}.Debug|Any CPU.ActiveCfg = Debug|Any CPU
		{D2F2AA7D-D327-4D2A-9F9D-8E01FEBE4AFB}.Debug|Any CPU.Build.0 = Debug|Any CPU
		{D2F2AA7D-D327-4D2A-9F9D-8E01FEBE4AFB}.Debug|ARM.ActiveCfg = Debug|Any CPU
		{D2F2AA7D-D327-4D2A-9F9D-8E01FEBE4AFB}.Debug|ARM.Build.0 = Debug|Any CPU
		{D2F2AA7D-D327-4D2A-9F9D-8E01FEBE4AFB}.Debug|x64.ActiveCfg = Debug|Any CPU
		{D2F2AA7D-D327-4D2A-9F9D-8E01FEBE4AFB}.Debug|x64.Build.0 = Debug|Any CPU
		{D2F2AA7D-D327-4D2A-9F9D-8E01FEBE4AFB}.Debug|x86.ActiveCfg = Debug|Any CPU
		{D2F2AA7D-D327-4D2A-9F9D-8E01FEBE4AFB}.Debug|x86.Build.0 = Debug|Any CPU
		{D2F2AA7D-D327-4D2A-9F9D-8E01FEBE4AFB}.Release|Any CPU.ActiveCfg = Release|Any CPU
		{D2F2AA7D-D327-4D2A-9F9D-8E01FEBE4AFB}.Release|Any CPU.Build.0 = Release|Any CPU
		{D2F2AA7D-D327-4D2A-9F9D-8E01FEBE4AFB}.Release|ARM.ActiveCfg = Release|Any CPU
		{D2F2AA7D-D327-4D2A-9F9D-8E01FEBE4AFB}.Release|ARM.Build.0 = Release|Any CPU
		{D2F2AA7D-D327-4D2A-9F9D-8E01FEBE4AFB}.Release|x64.ActiveCfg = Release|Any CPU
		{D2F2AA7D-D327-4D2A-9F9D-8E01FEBE4AFB}.Release|x64.Build.0 = Release|Any CPU
		{D2F2AA7D-D327-4D2A-9F9D-8E01FEBE4AFB}.Release|x86.ActiveCfg = Release|Any CPU
		{D2F2AA7D-D327-4D2A-9F9D-8E01FEBE4AFB}.Release|x86.Build.0 = Release|Any CPU
	EndGlobalSection
	GlobalSection(SolutionProperties) = preSolution
		HideSolutionNode = FALSE
	EndGlobalSection
	GlobalSection(NestedProjects) = preSolution
		{0B96BC44-0006-46C2-BA96-CD63C123FD49} = {4D056BD7-E0A1-4B24-A0CD-DEFB571F1089}
		{64A5861F-4D4E-4127-B70F-F80CC9D49CFD} = {4D056BD7-E0A1-4B24-A0CD-DEFB571F1089}
		{3B8D82D5-46D1-48B7-9D1D-F2288D9979C7} = {DFB9BA31-9C63-4F2E-A1A9-22F5772A38FC}
		{61EF8922-31CF-4C00-ABA9-ABEE8E8DF06B} = {DFB9BA31-9C63-4F2E-A1A9-22F5772A38FC}
		{5F16A7B0-06D8-4E78-BECC-313AC438155E} = {DFB9BA31-9C63-4F2E-A1A9-22F5772A38FC}
		{1F539D60-A1D7-4B46-9290-9A8D0B2D3978} = {4D056BD7-E0A1-4B24-A0CD-DEFB571F1089}
		{D2F2AA7D-D327-4D2A-9F9D-8E01FEBE4AFB} = {DFB9BA31-9C63-4F2E-A1A9-22F5772A38FC}
	EndGlobalSection
	GlobalSection(ExtensibilityGlobals) = postSolution
		EnterpriseLibraryConfigurationToolBinariesPath = packages\Unity.2.1.505.2\lib\NET35
		SolutionGuid = {74861D31-CA14-40A4-837D-B32580C33790}
	EndGlobalSection
EndGlobal
